
Microsoft Visual Studio Solution File, Format Version 12.00
# Visual Studio Version 16
VisualStudioVersion = 16.0.31205.134
MinimumVisualStudioVersion = 10.0.40219.1
Project("{FAE04EC0-301F-11D3-BF4B-00C04F79EFBC}") = "ValidaCliente", "ValidaCliente\ValidaCliente.csproj", "{618A3010-46CA-4C3B-943E-78D42AF1C9E7}"
EndProject
Global
	GlobalSection(SolutionConfigurationPlatforms) = preSolution
		Debug|Any CPU = Debug|Any CPU
		Release|Any CPU = Release|Any CPU
	EndGlobalSection
	GlobalSection(ProjectConfigurationPlatforms) = postSolution
		{618A3010-46CA-4C3B-943E-78D42AF1C9E7}.Debug|Any CPU.ActiveCfg = Debug|Any CPU
		{618A3010-46CA-4C3B-943E-78D42AF1C9E7}.Debug|Any CPU.Build.0 = Debug|Any CPU
		{618A3010-46CA-4C3B-943E-78D42AF1C9E7}.Release|Any CPU.ActiveCfg = Release|Any CPU
		{618A3010-46CA-4C3B-943E-78D42AF1C9E7}.Release|Any CPU.Build.0 = Release|Any CPU
	EndGlobalSection
	GlobalSection(SolutionProperties) = preSolution
		HideSolutionNode = FALSE
	EndGlobalSection
	GlobalSection(ExtensibilityGlobals) = postSolution
		SolutionGuid = {D336ECEE-C89D-4958-87BB-1D39E26FDD26}
	EndGlobalSection
EndGlobal
